
Microsoft Visual Studio Solution File, Format Version 12.00
# Visual Studio Version 16
VisualStudioVersion = 16.0.29519.87
MinimumVisualStudioVersion = 10.0.40219.1
Project("{9A19103F-16F7-4668-BE54-9A1E7A4F7556}") = "Sciendo.Topper", "Sciendo.Topper\Sciendo.Topper.csproj", "{71571A96-10D0-4216-96C4-717A2EC441BA}"
EndProject
Project("{9A19103F-16F7-4668-BE54-9A1E7A4F7556}") = "Sciendo.Topper.Source", "Sciendo.Topper.Source\Sciendo.Topper.Source.csproj", "{4904FACC-FC48-44CC-B3B4-E15D1A880AFC}"
EndProject
Project("{9A19103F-16F7-4668-BE54-9A1E7A4F7556}") = "Sciendo.Topper.Notifier", "Sciendo.Topper.Notifier\Sciendo.Topper.Notifier.csproj", "{A33540E9-9D40-4E6B-867B-2C2DEF9E9018}"
EndProject
Project("{9A19103F-16F7-4668-BE54-9A1E7A4F7556}") = "Sciendo.Topper.Contracts", "Sciendo.Topper.Contracts\Sciendo.Topper.Contracts.csproj", "{1BD9AA1F-9E5D-4F69-863E-85F216902BE0}"
EndProject
Project("{9A19103F-16F7-4668-BE54-9A1E7A4F7556}") = "Sciendo.Topper.Store", "Sciendo.Topper.Store\Sciendo.Topper.Store.csproj", "{0829B920-AF08-4F61-8351-03551A921CBE}"
EndProject
Project("{9A19103F-16F7-4668-BE54-9A1E7A4F7556}") = "Sciendo.Last.Fm", "Sciendo.Last.Fm\Sciendo.Last.Fm.csproj", "{ABEE8E33-1D18-410A-B694-10FFEC34025D}"
EndProject
Project("{9A19103F-16F7-4668-BE54-9A1E7A4F7556}") = "Topper.DataMigration", "Topper.DataMigration\Topper.DataMigration.csproj", "{C523B6A3-9292-475E-A965-2EA658FE7E87}"
EndProject
Project("{9A19103F-16F7-4668-BE54-9A1E7A4F7556}") = "Sciendo.Config", "Sciendo.Config\Sciendo.Config.csproj", "{3D61EE25-D8BD-4B24-9AC1-6460AF2F08BE}"
EndProject
Project("{9A19103F-16F7-4668-BE54-9A1E7A4F7556}") = "Sciendo.Topper.Tests.Unit", "Sciendo.Topper.Tests.Unit\Sciendo.Topper.Tests.Unit.csproj", "{F7F2B488-D6EC-44A6-91E6-84A404ED3626}"
EndProject
Project("{9A19103F-16F7-4668-BE54-9A1E7A4F7556}") = "Topper.Export", "Topper.Export\Topper.Export.csproj", "{FA845B9A-7B2F-471C-849C-F71155202205}"
EndProject
Project("{9A19103F-16F7-4668-BE54-9A1E7A4F7556}") = "Topper.Fixer", "Topper.Fixer\Topper.Fixer.csproj", "{61059648-82DC-4AD4-B905-013F908B95B3}"
EndProject
Project("{9A19103F-16F7-4668-BE54-9A1E7A4F7556}") = "Sciendo.Topper.Api", "Sciendo.Topper.Api\Sciendo.Topper.Api.csproj", "{73CE5FE8-242F-4690-8257-448190B85401}"
EndProject
Project("{9A19103F-16F7-4668-BE54-9A1E7A4F7556}") = "Sciendo.Topper.Domain", "Sciendo.Topper.Domain\Sciendo.Topper.Domain.csproj", "{B93FE2A8-1CD6-4DA3-B04B-4AE639A5A0A8}"
EndProject
Project("{9A19103F-16F7-4668-BE54-9A1E7A4F7556}") = "Sciendo.Topper.Service", "Sciendo.Topper.Service\Sciendo.Topper.Service.csproj", "{19D80477-0615-460F-9D91-C72B57B4709D}"
EndProject
Project("{9A19103F-16F7-4668-BE54-9A1E7A4F7556}") = "Sciendo.OAuth1_0", "Sciendo.OAuth1_0\Sciendo.OAuth1_0.csproj", "{BBACC956-AB5A-4E43-9668-2AC960DE5845}"
EndProject
Project("{FAE04EC0-301F-11D3-BF4B-00C04F79EFBC}") = "Sciendo.Web", "Sciendo.HttpClient\Sciendo.Web.csproj", "{3F33D151-4F5A-4C51-B692-3F1ADDADC2CA}"
EndProject
Global
	GlobalSection(SolutionConfigurationPlatforms) = preSolution
		Debug|Any CPU = Debug|Any CPU
		Release|Any CPU = Release|Any CPU
	EndGlobalSection
	GlobalSection(ProjectConfigurationPlatforms) = postSolution
		{71571A96-10D0-4216-96C4-717A2EC441BA}.Debug|Any CPU.ActiveCfg = Debug|Any CPU
		{71571A96-10D0-4216-96C4-717A2EC441BA}.Debug|Any CPU.Build.0 = Debug|Any CPU
		{71571A96-10D0-4216-96C4-717A2EC441BA}.Release|Any CPU.ActiveCfg = Release|Any CPU
		{71571A96-10D0-4216-96C4-717A2EC441BA}.Release|Any CPU.Build.0 = Release|Any CPU
		{4904FACC-FC48-44CC-B3B4-E15D1A880AFC}.Debug|Any CPU.ActiveCfg = Debug|Any CPU
		{4904FACC-FC48-44CC-B3B4-E15D1A880AFC}.Debug|Any CPU.Build.0 = Debug|Any CPU
		{4904FACC-FC48-44CC-B3B4-E15D1A880AFC}.Release|Any CPU.ActiveCfg = Release|Any CPU
		{4904FACC-FC48-44CC-B3B4-E15D1A880AFC}.Release|Any CPU.Build.0 = Release|Any CPU
		{A33540E9-9D40-4E6B-867B-2C2DEF9E9018}.Debug|Any CPU.ActiveCfg = Debug|Any CPU
		{A33540E9-9D40-4E6B-867B-2C2DEF9E9018}.Debug|Any CPU.Build.0 = Debug|Any CPU
		{A33540E9-9D40-4E6B-867B-2C2DEF9E9018}.Release|Any CPU.ActiveCfg = Release|Any CPU
		{A33540E9-9D40-4E6B-867B-2C2DEF9E9018}.Release|Any CPU.Build.0 = Release|Any CPU
		{1BD9AA1F-9E5D-4F69-863E-85F216902BE0}.Debug|Any CPU.ActiveCfg = Debug|Any CPU
		{1BD9AA1F-9E5D-4F69-863E-85F216902BE0}.Debug|Any CPU.Build.0 = Debug|Any CPU
		{1BD9AA1F-9E5D-4F69-863E-85F216902BE0}.Release|Any CPU.ActiveCfg = Release|Any CPU
		{1BD9AA1F-9E5D-4F69-863E-85F216902BE0}.Release|Any CPU.Build.0 = Release|Any CPU
		{0829B920-AF08-4F61-8351-03551A921CBE}.Debug|Any CPU.ActiveCfg = Debug|Any CPU
		{0829B920-AF08-4F61-8351-03551A921CBE}.Debug|Any CPU.Build.0 = Debug|Any CPU
		{0829B920-AF08-4F61-8351-03551A921CBE}.Release|Any CPU.ActiveCfg = Release|Any CPU
		{0829B920-AF08-4F61-8351-03551A921CBE}.Release|Any CPU.Build.0 = Release|Any CPU
		{ABEE8E33-1D18-410A-B694-10FFEC34025D}.Debug|Any CPU.ActiveCfg = Debug|Any CPU
		{ABEE8E33-1D18-410A-B694-10FFEC34025D}.Debug|Any CPU.Build.0 = Debug|Any CPU
		{ABEE8E33-1D18-410A-B694-10FFEC34025D}.Release|Any CPU.ActiveCfg = Release|Any CPU
		{ABEE8E33-1D18-410A-B694-10FFEC34025D}.Release|Any CPU.Build.0 = Release|Any CPU
		{C523B6A3-9292-475E-A965-2EA658FE7E87}.Debug|Any CPU.ActiveCfg = Debug|Any CPU
		{C523B6A3-9292-475E-A965-2EA658FE7E87}.Debug|Any CPU.Build.0 = Debug|Any CPU
		{C523B6A3-9292-475E-A965-2EA658FE7E87}.Release|Any CPU.ActiveCfg = Release|Any CPU
		{C523B6A3-9292-475E-A965-2EA658FE7E87}.Release|Any CPU.Build.0 = Release|Any CPU
		{3D61EE25-D8BD-4B24-9AC1-6460AF2F08BE}.Debug|Any CPU.ActiveCfg = Debug|Any CPU
		{3D61EE25-D8BD-4B24-9AC1-6460AF2F08BE}.Debug|Any CPU.Build.0 = Debug|Any CPU
		{3D61EE25-D8BD-4B24-9AC1-6460AF2F08BE}.Release|Any CPU.ActiveCfg = Release|Any CPU
		{3D61EE25-D8BD-4B24-9AC1-6460AF2F08BE}.Release|Any CPU.Build.0 = Release|Any CPU
		{F7F2B488-D6EC-44A6-91E6-84A404ED3626}.Debug|Any CPU.ActiveCfg = Debug|Any CPU
		{F7F2B488-D6EC-44A6-91E6-84A404ED3626}.Debug|Any CPU.Build.0 = Debug|Any CPU
		{F7F2B488-D6EC-44A6-91E6-84A404ED3626}.Release|Any CPU.ActiveCfg = Release|Any CPU
		{F7F2B488-D6EC-44A6-91E6-84A404ED3626}.Release|Any CPU.Build.0 = Release|Any CPU
		{FA845B9A-7B2F-471C-849C-F71155202205}.Debug|Any CPU.ActiveCfg = Debug|Any CPU
		{FA845B9A-7B2F-471C-849C-F71155202205}.Debug|Any CPU.Build.0 = Debug|Any CPU
		{FA845B9A-7B2F-471C-849C-F71155202205}.Release|Any CPU.ActiveCfg = Release|Any CPU
		{FA845B9A-7B2F-471C-849C-F71155202205}.Release|Any CPU.Build.0 = Release|Any CPU
		{61059648-82DC-4AD4-B905-013F908B95B3}.Debug|Any CPU.ActiveCfg = Debug|Any CPU
		{61059648-82DC-4AD4-B905-013F908B95B3}.Debug|Any CPU.Build.0 = Debug|Any CPU
		{61059648-82DC-4AD4-B905-013F908B95B3}.Release|Any CPU.ActiveCfg = Release|Any CPU
		{61059648-82DC-4AD4-B905-013F908B95B3}.Release|Any CPU.Build.0 = Release|Any CPU
		{73CE5FE8-242F-4690-8257-448190B85401}.Debug|Any CPU.ActiveCfg = Debug|Any CPU
		{73CE5FE8-242F-4690-8257-448190B85401}.Debug|Any CPU.Build.0 = Debug|Any CPU
		{73CE5FE8-242F-4690-8257-448190B85401}.Release|Any CPU.ActiveCfg = Release|Any CPU
		{73CE5FE8-242F-4690-8257-448190B85401}.Release|Any CPU.Build.0 = Release|Any CPU
		{B93FE2A8-1CD6-4DA3-B04B-4AE639A5A0A8}.Debug|Any CPU.ActiveCfg = Debug|Any CPU
		{B93FE2A8-1CD6-4DA3-B04B-4AE639A5A0A8}.Debug|Any CPU.Build.0 = Debug|Any CPU
		{B93FE2A8-1CD6-4DA3-B04B-4AE639A5A0A8}.Release|Any CPU.ActiveCfg = Release|Any CPU
		{B93FE2A8-1CD6-4DA3-B04B-4AE639A5A0A8}.Release|Any CPU.Build.0 = Release|Any CPU
		{19D80477-0615-460F-9D91-C72B57B4709D}.Debug|Any CPU.ActiveCfg = Debug|Any CPU
		{19D80477-0615-460F-9D91-C72B57B4709D}.Debug|Any CPU.Build.0 = Debug|Any CPU
		{19D80477-0615-460F-9D91-C72B57B4709D}.Release|Any CPU.ActiveCfg = Release|Any CPU
		{19D80477-0615-460F-9D91-C72B57B4709D}.Release|Any CPU.Build.0 = Release|Any CPU
		{BBACC956-AB5A-4E43-9668-2AC960DE5845}.Debug|Any CPU.ActiveCfg = Debug|Any CPU
		{BBACC956-AB5A-4E43-9668-2AC960DE5845}.Debug|Any CPU.Build.0 = Debug|Any CPU
		{BBACC956-AB5A-4E43-9668-2AC960DE5845}.Release|Any CPU.ActiveCfg = Release|Any CPU
		{BBACC956-AB5A-4E43-9668-2AC960DE5845}.Release|Any CPU.Build.0 = Release|Any CPU
		{3F33D151-4F5A-4C51-B692-3F1ADDADC2CA}.Debug|Any CPU.ActiveCfg = Debug|Any CPU
		{3F33D151-4F5A-4C51-B692-3F1ADDADC2CA}.Debug|Any CPU.Build.0 = Debug|Any CPU
		{3F33D151-4F5A-4C51-B692-3F1ADDADC2CA}.Release|Any CPU.ActiveCfg = Release|Any CPU
		{3F33D151-4F5A-4C51-B692-3F1ADDADC2CA}.Release|Any CPU.Build.0 = Release|Any CPU
	EndGlobalSection
	GlobalSection(SolutionProperties) = preSolution
		HideSolutionNode = FALSE
	EndGlobalSection
	GlobalSection(ExtensibilityGlobals) = postSolution
		SolutionGuid = {C0B21B16-975F-4B09-BB85-C2D8088EBCEA}
	EndGlobalSection
EndGlobal
